
Microsoft Visual Studio Solution File, Format Version 12.00
# Visual Studio Version 17
VisualStudioVersion = 17.0.31903.59
MinimumVisualStudioVersion = 10.0.40219.1
Project("{9A19103F-16F7-4668-BE54-9A1E7A4F7556}") = "Application", "Application\Application.csproj", "{E76DCF97-91E3-4796-83DC-C9FA8ECC090A}"
EndProject
Project("{9A19103F-16F7-4668-BE54-9A1E7A4F7556}") = "Contracts", "Contracts\Contracts.csproj", "{AB3BBB35-BD9E-45FD-8E87-7D6A4C2BD2E6}"
EndProject
Project("{9A19103F-16F7-4668-BE54-9A1E7A4F7556}") = "Domain", "Domain\Domain.csproj", "{0CE96999-1470-4434-A77A-1D113F5B6769}"
EndProject
Project("{9A19103F-16F7-4668-BE54-9A1E7A4F7556}") = "DriverApi", "DriverApi\DriverApi.csproj", "{E334E7E3-F479-4D45-9EE0-D8801D3AAE10}"
EndProject
Project("{9A19103F-16F7-4668-BE54-9A1E7A4F7556}") = "Infrastructure", "Infrastructure\Infrastructure.csproj", "{2BFE478B-BB28-44B8-BACF-9CC032CE139D}"
EndProject
Project("{9A19103F-16F7-4668-BE54-9A1E7A4F7556}") = "Shared", "Shared\Shared.csproj", "{4ECFD26C-6D15-4CCA-A54C-C5ABEA0DB3CB}"
EndProject
Project("{9A19103F-16F7-4668-BE54-9A1E7A4F7556}") = "Tests", "Tests\Driver\Tests.csproj", "{EA3EC3E3-6EC9-4A2F-9417-0827D2E0103A}"
EndProject
Global
	GlobalSection(SolutionConfigurationPlatforms) = preSolution
		Administrative Debug|Any CPU = Administrative Debug|Any CPU
		Administrative Release|Any CPU = Administrative Release|Any CPU
		Debug|Any CPU = Debug|Any CPU
		Document Debug|Any CPU = Document Debug|Any CPU
		Document Release|Any CPU = Document Release|Any CPU
		Driver Debug|Any CPU = Driver Debug|Any CPU
		Driver Release|Any CPU = Driver Release|Any CPU
		Pea Debug|Any CPU = Pea Debug|Any CPU
		Pea Release|Any CPU = Pea Release|Any CPU
		Release|Any CPU = Release|Any CPU
		Word Debug|Any CPU = Word Debug|Any CPU
		Word Release|Any CPU = Word Release|Any CPU
	EndGlobalSection
	GlobalSection(ProjectConfigurationPlatforms) = postSolution
		{E76DCF97-91E3-4796-83DC-C9FA8ECC090A}.Administrative Debug|Any CPU.ActiveCfg = Administrative Debug|Any CPU
		{E76DCF97-91E3-4796-83DC-C9FA8ECC090A}.Administrative Debug|Any CPU.Build.0 = Administrative Debug|Any CPU
		{E76DCF97-91E3-4796-83DC-C9FA8ECC090A}.Administrative Release|Any CPU.ActiveCfg = Administrative Release|Any CPU
		{E76DCF97-91E3-4796-83DC-C9FA8ECC090A}.Administrative Release|Any CPU.Build.0 = Administrative Release|Any CPU
		{E76DCF97-91E3-4796-83DC-C9FA8ECC090A}.Debug|Any CPU.ActiveCfg = Debug|Any CPU
		{E76DCF97-91E3-4796-83DC-C9FA8ECC090A}.Debug|Any CPU.Build.0 = Debug|Any CPU
		{E76DCF97-91E3-4796-83DC-C9FA8ECC090A}.Document Debug|Any CPU.ActiveCfg = Document Debug|Any CPU
		{E76DCF97-91E3-4796-83DC-C9FA8ECC090A}.Document Debug|Any CPU.Build.0 = Document Debug|Any CPU
		{E76DCF97-91E3-4796-83DC-C9FA8ECC090A}.Document Release|Any CPU.ActiveCfg = Document Release|Any CPU
		{E76DCF97-91E3-4796-83DC-C9FA8ECC090A}.Document Release|Any CPU.Build.0 = Document Release|Any CPU
		{E76DCF97-91E3-4796-83DC-C9FA8ECC090A}.Driver Debug|Any CPU.ActiveCfg = Driver Debug|Any CPU
		{E76DCF97-91E3-4796-83DC-C9FA8ECC090A}.Driver Debug|Any CPU.Build.0 = Driver Debug|Any CPU
		{E76DCF97-91E3-4796-83DC-C9FA8ECC090A}.Driver Release|Any CPU.ActiveCfg = Driver Release|Any CPU
		{E76DCF97-91E3-4796-83DC-C9FA8ECC090A}.Driver Release|Any CPU.Build.0 = Driver Release|Any CPU
		{E76DCF97-91E3-4796-83DC-C9FA8ECC090A}.Pea Debug|Any CPU.ActiveCfg = Pea Debug|Any CPU
		{E76DCF97-91E3-4796-83DC-C9FA8ECC090A}.Pea Debug|Any CPU.Build.0 = Pea Debug|Any CPU
		{E76DCF97-91E3-4796-83DC-C9FA8ECC090A}.Pea Release|Any CPU.ActiveCfg = Pea Release|Any CPU
		{E76DCF97-91E3-4796-83DC-C9FA8ECC090A}.Pea Release|Any CPU.Build.0 = Pea Release|Any CPU
		{E76DCF97-91E3-4796-83DC-C9FA8ECC090A}.Release|Any CPU.ActiveCfg = Release|Any CPU
		{E76DCF97-91E3-4796-83DC-C9FA8ECC090A}.Release|Any CPU.Build.0 = Release|Any CPU
		{E76DCF97-91E3-4796-83DC-C9FA8ECC090A}.Word Debug|Any CPU.ActiveCfg = Word Debug|Any CPU
		{E76DCF97-91E3-4796-83DC-C9FA8ECC090A}.Word Debug|Any CPU.Build.0 = Word Debug|Any CPU
		{E76DCF97-91E3-4796-83DC-C9FA8ECC090A}.Word Release|Any CPU.ActiveCfg = Word Release|Any CPU
		{E76DCF97-91E3-4796-83DC-C9FA8ECC090A}.Word Release|Any CPU.Build.0 = Word Release|Any CPU
		{AB3BBB35-BD9E-45FD-8E87-7D6A4C2BD2E6}.Administrative Debug|Any CPU.ActiveCfg = Debug|Any CPU
		{AB3BBB35-BD9E-45FD-8E87-7D6A4C2BD2E6}.Administrative Debug|Any CPU.Build.0 = Debug|Any CPU
		{AB3BBB35-BD9E-45FD-8E87-7D6A4C2BD2E6}.Administrative Release|Any CPU.ActiveCfg = Release|Any CPU
		{AB3BBB35-BD9E-45FD-8E87-7D6A4C2BD2E6}.Administrative Release|Any CPU.Build.0 = Release|Any CPU
		{AB3BBB35-BD9E-45FD-8E87-7D6A4C2BD2E6}.Debug|Any CPU.ActiveCfg = Debug|Any CPU
		{AB3BBB35-BD9E-45FD-8E87-7D6A4C2BD2E6}.Debug|Any CPU.Build.0 = Debug|Any CPU
		{AB3BBB35-BD9E-45FD-8E87-7D6A4C2BD2E6}.Document Debug|Any CPU.ActiveCfg = Document Release|Any CPU
		{AB3BBB35-BD9E-45FD-8E87-7D6A4C2BD2E6}.Document Debug|Any CPU.Build.0 = Document Release|Any CPU
		{AB3BBB35-BD9E-45FD-8E87-7D6A4C2BD2E6}.Document Release|Any CPU.ActiveCfg = Document Release|Any CPU
		{AB3BBB35-BD9E-45FD-8E87-7D6A4C2BD2E6}.Document Release|Any CPU.Build.0 = Document Release|Any CPU
		{AB3BBB35-BD9E-45FD-8E87-7D6A4C2BD2E6}.Driver Debug|Any CPU.ActiveCfg = Driver Debug|Any CPU
		{AB3BBB35-BD9E-45FD-8E87-7D6A4C2BD2E6}.Driver Debug|Any CPU.Build.0 = Driver Debug|Any CPU
		{AB3BBB35-BD9E-45FD-8E87-7D6A4C2BD2E6}.Driver Release|Any CPU.ActiveCfg = Document Release|Any CPU
		{AB3BBB35-BD9E-45FD-8E87-7D6A4C2BD2E6}.Driver Release|Any CPU.Build.0 = Document Release|Any CPU
		{AB3BBB35-BD9E-45FD-8E87-7D6A4C2BD2E6}.Pea Debug|Any CPU.ActiveCfg = Pea Debug|Any CPU
		{AB3BBB35-BD9E-45FD-8E87-7D6A4C2BD2E6}.Pea Debug|Any CPU.Build.0 = Pea Debug|Any CPU
		{AB3BBB35-BD9E-45FD-8E87-7D6A4C2BD2E6}.Pea Release|Any CPU.ActiveCfg = Pea Release|Any CPU
		{AB3BBB35-BD9E-45FD-8E87-7D6A4C2BD2E6}.Pea Release|Any CPU.Build.0 = Pea Release|Any CPU
		{AB3BBB35-BD9E-45FD-8E87-7D6A4C2BD2E6}.Release|Any CPU.ActiveCfg = Release|Any CPU
		{AB3BBB35-BD9E-45FD-8E87-7D6A4C2BD2E6}.Release|Any CPU.Build.0 = Release|Any CPU
		{AB3BBB35-BD9E-45FD-8E87-7D6A4C2BD2E6}.Word Debug|Any CPU.ActiveCfg = Word Debug|Any CPU
		{AB3BBB35-BD9E-45FD-8E87-7D6A4C2BD2E6}.Word Debug|Any CPU.Build.0 = Word Debug|Any CPU
		{AB3BBB35-BD9E-45FD-8E87-7D6A4C2BD2E6}.Word Release|Any CPU.ActiveCfg = Word Debug|Any CPU
		{AB3BBB35-BD9E-45FD-8E87-7D6A4C2BD2E6}.Word Release|Any CPU.Build.0 = Word Debug|Any CPU
		{0CE96999-1470-4434-A77A-1D113F5B6769}.Administrative Debug|Any CPU.ActiveCfg = Administrative Debug|Any CPU
		{0CE96999-1470-4434-A77A-1D113F5B6769}.Administrative Debug|Any CPU.Build.0 = Administrative Debug|Any CPU
		{0CE96999-1470-4434-A77A-1D113F5B6769}.Administrative Release|Any CPU.ActiveCfg = Administrative Release|Any CPU
		{0CE96999-1470-4434-A77A-1D113F5B6769}.Administrative Release|Any CPU.Build.0 = Administrative Release|Any CPU
		{0CE96999-1470-4434-A77A-1D113F5B6769}.Debug|Any CPU.ActiveCfg = Debug|Any CPU
		{0CE96999-1470-4434-A77A-1D113F5B6769}.Debug|Any CPU.Build.0 = Debug|Any CPU
		{0CE96999-1470-4434-A77A-1D113F5B6769}.Document Debug|Any CPU.ActiveCfg = Document Debug|Any CPU
		{0CE96999-1470-4434-A77A-1D113F5B6769}.Document Debug|Any CPU.Build.0 = Document Debug|Any CPU
		{0CE96999-1470-4434-A77A-1D113F5B6769}.Document Release|Any CPU.ActiveCfg = Document Release|Any CPU
		{0CE96999-1470-4434-A77A-1D113F5B6769}.Document Release|Any CPU.Build.0 = Document Release|Any CPU
		{0CE96999-1470-4434-A77A-1D113F5B6769}.Driver Debug|Any CPU.ActiveCfg = Driver Debug|Any CPU
		{0CE96999-1470-4434-A77A-1D113F5B6769}.Driver Debug|Any CPU.Build.0 = Driver Debug|Any CPU
		{0CE96999-1470-4434-A77A-1D113F5B6769}.Driver Release|Any CPU.ActiveCfg = Driver Release|Any CPU
		{0CE96999-1470-4434-A77A-1D113F5B6769}.Driver Release|Any CPU.Build.0 = Driver Release|Any CPU
		{0CE96999-1470-4434-A77A-1D113F5B6769}.Pea Debug|Any CPU.ActiveCfg = Pea Debug|Any CPU
		{0CE96999-1470-4434-A77A-1D113F5B6769}.Pea Debug|Any CPU.Build.0 = Pea Debug|Any CPU
		{0CE96999-1470-4434-A77A-1D113F5B6769}.Pea Release|Any CPU.ActiveCfg = Pea Release|Any CPU
		{0CE96999-1470-4434-A77A-1D113F5B6769}.Pea Release|Any CPU.Build.0 = Pea Release|Any CPU
		{0CE96999-1470-4434-A77A-1D113F5B6769}.Release|Any CPU.ActiveCfg = Release|Any CPU
		{0CE96999-1470-4434-A77A-1D113F5B6769}.Release|Any CPU.Build.0 = Release|Any CPU
		{0CE96999-1470-4434-A77A-1D113F5B6769}.Word Debug|Any CPU.ActiveCfg = Word Debug|Any CPU
		{0CE96999-1470-4434-A77A-1D113F5B6769}.Word Debug|Any CPU.Build.0 = Word Debug|Any CPU
		{0CE96999-1470-4434-A77A-1D113F5B6769}.Word Release|Any CPU.ActiveCfg = Word Release|Any CPU
		{0CE96999-1470-4434-A77A-1D113F5B6769}.Word Release|Any CPU.Build.0 = Word Release|Any CPU
		{E334E7E3-F479-4D45-9EE0-D8801D3AAE10}.Administrative Debug|Any CPU.ActiveCfg = Debug|Any CPU
		{E334E7E3-F479-4D45-9EE0-D8801D3AAE10}.Administrative Debug|Any CPU.Build.0 = Debug|Any CPU
		{E334E7E3-F479-4D45-9EE0-D8801D3AAE10}.Administrative Release|Any CPU.ActiveCfg = Release|Any CPU
		{E334E7E3-F479-4D45-9EE0-D8801D3AAE10}.Administrative Release|Any CPU.Build.0 = Release|Any CPU
		{E334E7E3-F479-4D45-9EE0-D8801D3AAE10}.Debug|Any CPU.ActiveCfg = Debug|Any CPU
		{E334E7E3-F479-4D45-9EE0-D8801D3AAE10}.Debug|Any CPU.Build.0 = Debug|Any CPU
		{E334E7E3-F479-4D45-9EE0-D8801D3AAE10}.Document Debug|Any CPU.ActiveCfg = Driver Release|Any CPU
		{E334E7E3-F479-4D45-9EE0-D8801D3AAE10}.Document Debug|Any CPU.Build.0 = Driver Release|Any CPU
		{E334E7E3-F479-4D45-9EE0-D8801D3AAE10}.Document Release|Any CPU.ActiveCfg = Driver Release|Any CPU
		{E334E7E3-F479-4D45-9EE0-D8801D3AAE10}.Document Release|Any CPU.Build.0 = Driver Release|Any CPU
		{E334E7E3-F479-4D45-9EE0-D8801D3AAE10}.Driver Debug|Any CPU.ActiveCfg = Driver Debug|Any CPU
		{E334E7E3-F479-4D45-9EE0-D8801D3AAE10}.Driver Debug|Any CPU.Build.0 = Driver Debug|Any CPU
		{E334E7E3-F479-4D45-9EE0-D8801D3AAE10}.Driver Release|Any CPU.ActiveCfg = Driver Release|Any CPU
		{E334E7E3-F479-4D45-9EE0-D8801D3AAE10}.Driver Release|Any CPU.Build.0 = Driver Release|Any CPU
		{E334E7E3-F479-4D45-9EE0-D8801D3AAE10}.Pea Debug|Any CPU.ActiveCfg = Debug|Any CPU
		{E334E7E3-F479-4D45-9EE0-D8801D3AAE10}.Pea Debug|Any CPU.Build.0 = Debug|Any CPU
		{E334E7E3-F479-4D45-9EE0-D8801D3AAE10}.Pea Release|Any CPU.ActiveCfg = Release|Any CPU
		{E334E7E3-F479-4D45-9EE0-D8801D3AAE10}.Pea Release|Any CPU.Build.0 = Release|Any CPU
		{E334E7E3-F479-4D45-9EE0-D8801D3AAE10}.Release|Any CPU.ActiveCfg = Release|Any CPU
		{E334E7E3-F479-4D45-9EE0-D8801D3AAE10}.Release|Any CPU.Build.0 = Release|Any CPU
		{E334E7E3-F479-4D45-9EE0-D8801D3AAE10}.Word Debug|Any CPU.ActiveCfg = Debug|Any CPU
		{E334E7E3-F479-4D45-9EE0-D8801D3AAE10}.Word Debug|Any CPU.Build.0 = Debug|Any CPU
		{E334E7E3-F479-4D45-9EE0-D8801D3AAE10}.Word Release|Any CPU.ActiveCfg = Release|Any CPU
		{E334E7E3-F479-4D45-9EE0-D8801D3AAE10}.Word Release|Any CPU.Build.0 = Release|Any CPU
		{2BFE478B-BB28-44B8-BACF-9CC032CE139D}.Administrative Debug|Any CPU.ActiveCfg = Administrative Debug|Any CPU
		{2BFE478B-BB28-44B8-BACF-9CC032CE139D}.Administrative Debug|Any CPU.Build.0 = Administrative Debug|Any CPU
		{2BFE478B-BB28-44B8-BACF-9CC032CE139D}.Administrative Release|Any CPU.ActiveCfg = Administrative Release|Any CPU
		{2BFE478B-BB28-44B8-BACF-9CC032CE139D}.Administrative Release|Any CPU.Build.0 = Administrative Release|Any CPU
		{2BFE478B-BB28-44B8-BACF-9CC032CE139D}.Debug|Any CPU.ActiveCfg = Debug|Any CPU
		{2BFE478B-BB28-44B8-BACF-9CC032CE139D}.Debug|Any CPU.Build.0 = Debug|Any CPU
		{2BFE478B-BB28-44B8-BACF-9CC032CE139D}.Document Debug|Any CPU.ActiveCfg = Document Debug|Any CPU
		{2BFE478B-BB28-44B8-BACF-9CC032CE139D}.Document Debug|Any CPU.Build.0 = Document Debug|Any CPU
		{2BFE478B-BB28-44B8-BACF-9CC032CE139D}.Document Release|Any CPU.ActiveCfg = Document Release|Any CPU
		{2BFE478B-BB28-44B8-BACF-9CC032CE139D}.Document Release|Any CPU.Build.0 = Document Release|Any CPU
		{2BFE478B-BB28-44B8-BACF-9CC032CE139D}.Driver Debug|Any CPU.ActiveCfg = Driver Debug|Any CPU
		{2BFE478B-BB28-44B8-BACF-9CC032CE139D}.Driver Debug|Any CPU.Build.0 = Driver Debug|Any CPU
		{2BFE478B-BB28-44B8-BACF-9CC032CE139D}.Driver Release|Any CPU.ActiveCfg = Driver Release|Any CPU
		{2BFE478B-BB28-44B8-BACF-9CC032CE139D}.Driver Release|Any CPU.Build.0 = Driver Release|Any CPU
		{2BFE478B-BB28-44B8-BACF-9CC032CE139D}.Pea Debug|Any CPU.ActiveCfg = Pea Debug|Any CPU
		{2BFE478B-BB28-44B8-BACF-9CC032CE139D}.Pea Debug|Any CPU.Build.0 = Pea Debug|Any CPU
		{2BFE478B-BB28-44B8-BACF-9CC032CE139D}.Pea Release|Any CPU.ActiveCfg = Pea Release|Any CPU
		{2BFE478B-BB28-44B8-BACF-9CC032CE139D}.Pea Release|Any CPU.Build.0 = Pea Release|Any CPU
		{2BFE478B-BB28-44B8-BACF-9CC032CE139D}.Release|Any CPU.ActiveCfg = Release|Any CPU
		{2BFE478B-BB28-44B8-BACF-9CC032CE139D}.Release|Any CPU.Build.0 = Release|Any CPU
		{2BFE478B-BB28-44B8-BACF-9CC032CE139D}.Word Debug|Any CPU.ActiveCfg = Word Debug|Any CPU
		{2BFE478B-BB28-44B8-BACF-9CC032CE139D}.Word Debug|Any CPU.Build.0 = Word Debug|Any CPU
		{2BFE478B-BB28-44B8-BACF-9CC032CE139D}.Word Release|Any CPU.ActiveCfg = Word Release|Any CPU
		{2BFE478B-BB28-44B8-BACF-9CC032CE139D}.Word Release|Any CPU.Build.0 = Word Release|Any CPU
		{4ECFD26C-6D15-4CCA-A54C-C5ABEA0DB3CB}.Administrative Debug|Any CPU.ActiveCfg = Administrative Debug|Any CPU
		{4ECFD26C-6D15-4CCA-A54C-C5ABEA0DB3CB}.Administrative Debug|Any CPU.Build.0 = Administrative Debug|Any CPU
		{4ECFD26C-6D15-4CCA-A54C-C5ABEA0DB3CB}.Administrative Release|Any CPU.ActiveCfg = Administrative Release|Any CPU
		{4ECFD26C-6D15-4CCA-A54C-C5ABEA0DB3CB}.Administrative Release|Any CPU.Build.0 = Administrative Release|Any CPU
		{4ECFD26C-6D15-4CCA-A54C-C5ABEA0DB3CB}.Debug|Any CPU.ActiveCfg = Debug|Any CPU
		{4ECFD26C-6D15-4CCA-A54C-C5ABEA0DB3CB}.Debug|Any CPU.Build.0 = Debug|Any CPU
		{4ECFD26C-6D15-4CCA-A54C-C5ABEA0DB3CB}.Document Debug|Any CPU.ActiveCfg = Document Debug|Any CPU
		{4ECFD26C-6D15-4CCA-A54C-C5ABEA0DB3CB}.Document Debug|Any CPU.Build.0 = Document Debug|Any CPU
		{4ECFD26C-6D15-4CCA-A54C-C5ABEA0DB3CB}.Document Release|Any CPU.ActiveCfg = Document Release|Any CPU
		{4ECFD26C-6D15-4CCA-A54C-C5ABEA0DB3CB}.Document Release|Any CPU.Build.0 = Document Release|Any CPU
		{4ECFD26C-6D15-4CCA-A54C-C5ABEA0DB3CB}.Driver Debug|Any CPU.ActiveCfg = Driver Debug|Any CPU
		{4ECFD26C-6D15-4CCA-A54C-C5ABEA0DB3CB}.Driver Debug|Any CPU.Build.0 = Driver Debug|Any CPU
		{4ECFD26C-6D15-4CCA-A54C-C5ABEA0DB3CB}.Driver Release|Any CPU.ActiveCfg = Driver Release|Any CPU
		{4ECFD26C-6D15-4CCA-A54C-C5ABEA0DB3CB}.Driver Release|Any CPU.Build.0 = Driver Release|Any CPU
		{4ECFD26C-6D15-4CCA-A54C-C5ABEA0DB3CB}.Pea Debug|Any CPU.ActiveCfg = Pea Debug|Any CPU
		{4ECFD26C-6D15-4CCA-A54C-C5ABEA0DB3CB}.Pea Debug|Any CPU.Build.0 = Pea Debug|Any CPU
		{4ECFD26C-6D15-4CCA-A54C-C5ABEA0DB3CB}.Pea Release|Any CPU.ActiveCfg = Pea Release|Any CPU
		{4ECFD26C-6D15-4CCA-A54C-C5ABEA0DB3CB}.Pea Release|Any CPU.Build.0 = Pea Release|Any CPU
		{4ECFD26C-6D15-4CCA-A54C-C5ABEA0DB3CB}.Release|Any CPU.ActiveCfg = Release|Any CPU
		{4ECFD26C-6D15-4CCA-A54C-C5ABEA0DB3CB}.Release|Any CPU.Build.0 = Release|Any CPU
		{4ECFD26C-6D15-4CCA-A54C-C5ABEA0DB3CB}.Word Debug|Any CPU.ActiveCfg = Word Debug|Any CPU
		{4ECFD26C-6D15-4CCA-A54C-C5ABEA0DB3CB}.Word Debug|Any CPU.Build.0 = Word Debug|Any CPU
		{4ECFD26C-6D15-4CCA-A54C-C5ABEA0DB3CB}.Word Release|Any CPU.ActiveCfg = Word Debug|Any CPU
		{4ECFD26C-6D15-4CCA-A54C-C5ABEA0DB3CB}.Word Release|Any CPU.Build.0 = Word Debug|Any CPU
		{EA3EC3E3-6EC9-4A2F-9417-0827D2E0103A}.Administrative Debug|Any CPU.ActiveCfg = Debug|Any CPU
		{EA3EC3E3-6EC9-4A2F-9417-0827D2E0103A}.Administrative Debug|Any CPU.Build.0 = Debug|Any CPU
		{EA3EC3E3-6EC9-4A2F-9417-0827D2E0103A}.Administrative Release|Any CPU.ActiveCfg = Release|Any CPU
		{EA3EC3E3-6EC9-4A2F-9417-0827D2E0103A}.Administrative Release|Any CPU.Build.0 = Release|Any CPU
		{EA3EC3E3-6EC9-4A2F-9417-0827D2E0103A}.Debug|Any CPU.ActiveCfg = Debug|Any CPU
		{EA3EC3E3-6EC9-4A2F-9417-0827D2E0103A}.Debug|Any CPU.Build.0 = Debug|Any CPU
		{EA3EC3E3-6EC9-4A2F-9417-0827D2E0103A}.Document Debug|Any CPU.ActiveCfg = Debug|Any CPU
		{EA3EC3E3-6EC9-4A2F-9417-0827D2E0103A}.Document Debug|Any CPU.Build.0 = Debug|Any CPU
		{EA3EC3E3-6EC9-4A2F-9417-0827D2E0103A}.Document Release|Any CPU.ActiveCfg = Release|Any CPU
		{EA3EC3E3-6EC9-4A2F-9417-0827D2E0103A}.Document Release|Any CPU.Build.0 = Release|Any CPU
		{EA3EC3E3-6EC9-4A2F-9417-0827D2E0103A}.Driver Debug|Any CPU.ActiveCfg = Debug|Any CPU
		{EA3EC3E3-6EC9-4A2F-9417-0827D2E0103A}.Driver Debug|Any CPU.Build.0 = Debug|Any CPU
		{EA3EC3E3-6EC9-4A2F-9417-0827D2E0103A}.Driver Release|Any CPU.ActiveCfg = Release|Any CPU
		{EA3EC3E3-6EC9-4A2F-9417-0827D2E0103A}.Driver Release|Any CPU.Build.0 = Release|Any CPU
		{EA3EC3E3-6EC9-4A2F-9417-0827D2E0103A}.Pea Debug|Any CPU.ActiveCfg = Debug|Any CPU
		{EA3EC3E3-6EC9-4A2F-9417-0827D2E0103A}.Pea Debug|Any CPU.Build.0 = Debug|Any CPU
		{EA3EC3E3-6EC9-4A2F-9417-0827D2E0103A}.Pea Release|Any CPU.ActiveCfg = Release|Any CPU
		{EA3EC3E3-6EC9-4A2F-9417-0827D2E0103A}.Pea Release|Any CPU.Build.0 = Release|Any CPU
		{EA3EC3E3-6EC9-4A2F-9417-0827D2E0103A}.Release|Any CPU.ActiveCfg = Release|Any CPU
		{EA3EC3E3-6EC9-4A2F-9417-0827D2E0103A}.Release|Any CPU.Build.0 = Release|Any CPU
		{EA3EC3E3-6EC9-4A2F-9417-0827D2E0103A}.Word Debug|Any CPU.ActiveCfg = Debug|Any CPU
		{EA3EC3E3-6EC9-4A2F-9417-0827D2E0103A}.Word Debug|Any CPU.Build.0 = Debug|Any CPU
		{EA3EC3E3-6EC9-4A2F-9417-0827D2E0103A}.Word Release|Any CPU.ActiveCfg = Release|Any CPU
		{EA3EC3E3-6EC9-4A2F-9417-0827D2E0103A}.Word Release|Any CPU.Build.0 = Release|Any CPU
	EndGlobalSection
	GlobalSection(SolutionProperties) = preSolution
		HideSolutionNode = FALSE
	EndGlobalSection
	GlobalSection(ExtensibilityGlobals) = postSolution
		SolutionGuid = {358EA8F7-A5F1-4E5A-9802-ABCA5C6A431A}
	EndGlobalSection
EndGlobal
